
Microsoft Visual Studio Solution File, Format Version 12.00
# Visual Studio Version 16
VisualStudioVersion = 16.0.31129.286
MinimumVisualStudioVersion = 10.0.40219.1
Project("{FAE04EC0-301F-11D3-BF4B-00C04F79EFBC}") = "Lab3B.Android", "Lab3B.Android\Lab3B.Android.csproj", "{67692211-965B-416C-A870-F1F61ABB194B}"
EndProject
Project("{FAE04EC0-301F-11D3-BF4B-00C04F79EFBC}") = "Lab3B", "Lab3B\Lab3B.csproj", "{66530559-D865-4C52-B0F2-67FF9AF6950A}"
EndProject
Global
	GlobalSection(SolutionConfigurationPlatforms) = preSolution
		Debug|Any CPU = Debug|Any CPU
		Release|Any CPU = Release|Any CPU
	EndGlobalSection
	GlobalSection(ProjectConfigurationPlatforms) = postSolution
		{67692211-965B-416C-A870-F1F61ABB194B}.Debug|Any CPU.ActiveCfg = Debug|Any CPU
		{67692211-965B-416C-A870-F1F61ABB194B}.Debug|Any CPU.Build.0 = Debug|Any CPU
		{67692211-965B-416C-A870-F1F61ABB194B}.Debug|Any CPU.Deploy.0 = Debug|Any CPU
		{67692211-965B-416C-A870-F1F61ABB194B}.Release|Any CPU.ActiveCfg = Release|Any CPU
		{67692211-965B-416C-A870-F1F61ABB194B}.Release|Any CPU.Build.0 = Release|Any CPU
		{67692211-965B-416C-A870-F1F61ABB194B}.Release|Any CPU.Deploy.0 = Release|Any CPU
		{66530559-D865-4C52-B0F2-67FF9AF6950A}.Debug|Any CPU.ActiveCfg = Debug|Any CPU
		{66530559-D865-4C52-B0F2-67FF9AF6950A}.Debug|Any CPU.Build.0 = Debug|Any CPU
		{66530559-D865-4C52-B0F2-67FF9AF6950A}.Debug|Any CPU.Deploy.0 = Debug|Any CPU
		{66530559-D865-4C52-B0F2-67FF9AF6950A}.Release|Any CPU.ActiveCfg = Release|Any CPU
		{66530559-D865-4C52-B0F2-67FF9AF6950A}.Release|Any CPU.Build.0 = Release|Any CPU
		{66530559-D865-4C52-B0F2-67FF9AF6950A}.Release|Any CPU.Deploy.0 = Release|Any CPU
	EndGlobalSection
	GlobalSection(SolutionProperties) = preSolution
		HideSolutionNode = FALSE
	EndGlobalSection
	GlobalSection(ExtensibilityGlobals) = postSolution
		SolutionGuid = {F9980295-57EE-4AA8-AD34-CF1F521FD644}
	EndGlobalSection
EndGlobal
